// !$*UTF8*$!
{
	archiveVersion = 1;
	classes = {
	};
	objectVersion = 56;
	objects = {

/* Begin PBXBuildFile section */
		5B1B1F302BECCB71003B316A /* ProfileService.swift in Sources */ = {isa = PBXBuildFile; fileRef = 5B1B1F2F2BECCB71003B316A /* ProfileService.swift */; };
		5B1B1F322BECCBCB003B316A /* ProfileImageService.swift in Sources */ = {isa = PBXBuildFile; fileRef = 5B1B1F312BECCBCB003B316A /* ProfileImageService.swift */; };
		5B1B1F352BECCBF5003B316A /* SwiftKeychainWrapper in Frameworks */ = {isa = PBXBuildFile; productRef = 5B1B1F342BECCBF5003B316A /* SwiftKeychainWrapper */; };
		5B1B1F382BECCBFC003B316A /* Kingfisher in Frameworks */ = {isa = PBXBuildFile; productRef = 5B1B1F372BECCBFC003B316A /* Kingfisher */; };
		5B1B1F3B2BECCC2A003B316A /* ProgressHUD in Frameworks */ = {isa = PBXBuildFile; productRef = 5B1B1F3A2BECCC2A003B316A /* ProgressHUD */; };
		5B1B1F3E2BECCC61003B316A /* UIBlockingProgressHUD.swift in Sources */ = {isa = PBXBuildFile; fileRef = 5B1B1F3D2BECCC61003B316A /* UIBlockingProgressHUD.swift */; };
		5B1B1F412BECF256003B316A /* TabBarController.swift in Sources */ = {isa = PBXBuildFile; fileRef = 5B1B1F402BECF256003B316A /* TabBarController.swift */; };
		5B351B6D2BB890250097177E /* ProfileViewController.swift in Sources */ = {isa = PBXBuildFile; fileRef = 5B351B6C2BB890250097177E /* ProfileViewController.swift */; };
		5B351B6F2BB8A9480097177E /* SingleImageViewController.swift in Sources */ = {isa = PBXBuildFile; fileRef = 5B351B6E2BB8A9480097177E /* SingleImageViewController.swift */; };
		5B50F9BE2BC6CB0B0015DDE5 /* Constants.swift in Sources */ = {isa = PBXBuildFile; fileRef = 5B50F9BD2BC6CB0B0015DDE5 /* Constants.swift */; };
		5B50F9C12BC6D7920015DDE5 /* AuthViewController.swift in Sources */ = {isa = PBXBuildFile; fileRef = 5B50F9C02BC6D7920015DDE5 /* AuthViewController.swift */; };
		5B69F5762B94BCA6003C8417 /* AppDelegate.swift in Sources */ = {isa = PBXBuildFile; fileRef = 5B69F5752B94BCA6003C8417 /* AppDelegate.swift */; };
		5B69F5782B94BCA6003C8417 /* SceneDelegate.swift in Sources */ = {isa = PBXBuildFile; fileRef = 5B69F5772B94BCA6003C8417 /* SceneDelegate.swift */; };
		5B69F57D2B94BCA6003C8417 /* Main.storyboard in Resources */ = {isa = PBXBuildFile; fileRef = 5B69F57B2B94BCA6003C8417 /* Main.storyboard */; };
		5B69F57F2B94BCA7003C8417 /* Assets.xcassets in Resources */ = {isa = PBXBuildFile; fileRef = 5B69F57E2B94BCA7003C8417 /* Assets.xcassets */; };
		5B69F5822B94BCA7003C8417 /* LaunchScreen.storyboard in Resources */ = {isa = PBXBuildFile; fileRef = 5B69F5802B94BCA7003C8417 /* LaunchScreen.storyboard */; };
		5B69F5E42B9F53EE003C8417 /* ImagesListViewController.swift in Sources */ = {isa = PBXBuildFile; fileRef = 5B69F5E22B9F53EE003C8417 /* ImagesListViewController.swift */; };
		5B69F5E52B9F53EE003C8417 /* ImagesListCell.swift in Sources */ = {isa = PBXBuildFile; fileRef = 5B69F5E32B9F53EE003C8417 /* ImagesListCell.swift */; };
		5B9038372BC6DF4A00271B39 /* WebViewViewController.swift in Sources */ = {isa = PBXBuildFile; fileRef = 5B9038362BC6DF4A00271B39 /* WebViewViewController.swift */; };
		5B90383A2BC9777000271B39 /* OAuth2Service.swift in Sources */ = {isa = PBXBuildFile; fileRef = 5B9038392BC9777000271B39 /* OAuth2Service.swift */; };
		5B90383C2BC993ED00271B39 /* OAuth2TokenResponseBody.swift in Sources */ = {isa = PBXBuildFile; fileRef = 5B90383B2BC993ED00271B39 /* OAuth2TokenResponseBody.swift */; };
		5B90383E2BC994A300271B39 /* OAuth2TokenStorage.swift in Sources */ = {isa = PBXBuildFile; fileRef = 5B90383D2BC994A300271B39 /* OAuth2TokenStorage.swift */; };
		5B9038402BC9966500271B39 /* URLSession+data.swift in Sources */ = {isa = PBXBuildFile; fileRef = 5B90383F2BC9966500271B39 /* URLSession+data.swift */; };
		5B9038432BC9B33A00271B39 /* SplashViewController.swift in Sources */ = {isa = PBXBuildFile; fileRef = 5B9038422BC9B33A00271B39 /* SplashViewController.swift */; };
/* End PBXBuildFile section */

/* Begin PBXFileReference section */
		5B1B1F2F2BECCB71003B316A /* ProfileService.swift */ = {isa = PBXFileReference; lastKnownFileType = sourcecode.swift; path = ProfileService.swift; sourceTree = "<group>"; };
		5B1B1F312BECCBCB003B316A /* ProfileImageService.swift */ = {isa = PBXFileReference; lastKnownFileType = sourcecode.swift; path = ProfileImageService.swift; sourceTree = "<group>"; };
		5B1B1F3D2BECCC61003B316A /* UIBlockingProgressHUD.swift */ = {isa = PBXFileReference; lastKnownFileType = sourcecode.swift; path = UIBlockingProgressHUD.swift; sourceTree = "<group>"; };
		5B1B1F402BECF256003B316A /* TabBarController.swift */ = {isa = PBXFileReference; lastKnownFileType = sourcecode.swift; path = TabBarController.swift; sourceTree = "<group>"; };
		5B351B6C2BB890250097177E /* ProfileViewController.swift */ = {isa = PBXFileReference; fileEncoding = 4; lastKnownFileType = sourcecode.swift; path = ProfileViewController.swift; sourceTree = "<group>"; };
		5B351B6E2BB8A9480097177E /* SingleImageViewController.swift */ = {isa = PBXFileReference; lastKnownFileType = sourcecode.swift; path = SingleImageViewController.swift; sourceTree = "<group>"; };
		5B50F9BD2BC6CB0B0015DDE5 /* Constants.swift */ = {isa = PBXFileReference; lastKnownFileType = sourcecode.swift; path = Constants.swift; sourceTree = "<group>"; };
		5B50F9C02BC6D7920015DDE5 /* AuthViewController.swift */ = {isa = PBXFileReference; lastKnownFileType = sourcecode.swift; path = AuthViewController.swift; sourceTree = "<group>"; };
		5B69F5722B94BCA6003C8417 /* ImageFeed.app */ = {isa = PBXFileReference; explicitFileType = wrapper.application; includeInIndex = 0; path = ImageFeed.app; sourceTree = BUILT_PRODUCTS_DIR; };
		5B69F5752B94BCA6003C8417 /* AppDelegate.swift */ = {isa = PBXFileReference; lastKnownFileType = sourcecode.swift; path = AppDelegate.swift; sourceTree = "<group>"; };
		5B69F5772B94BCA6003C8417 /* SceneDelegate.swift */ = {isa = PBXFileReference; lastKnownFileType = sourcecode.swift; path = SceneDelegate.swift; sourceTree = "<group>"; };
		5B69F57C2B94BCA6003C8417 /* Base */ = {isa = PBXFileReference; lastKnownFileType = file.storyboard; name = Base; path = Base.lproj/Main.storyboard; sourceTree = "<group>"; };
		5B69F57E2B94BCA7003C8417 /* Assets.xcassets */ = {isa = PBXFileReference; lastKnownFileType = folder.assetcatalog; path = Assets.xcassets; sourceTree = "<group>"; };
		5B69F5812B94BCA7003C8417 /* Base */ = {isa = PBXFileReference; lastKnownFileType = file.storyboard; name = Base; path = Base.lproj/LaunchScreen.storyboard; sourceTree = "<group>"; };
		5B69F5832B94BCA7003C8417 /* Info.plist */ = {isa = PBXFileReference; lastKnownFileType = text.plist.xml; path = Info.plist; sourceTree = "<group>"; };
		5B69F5E22B9F53EE003C8417 /* ImagesListViewController.swift */ = {isa = PBXFileReference; fileEncoding = 4; lastKnownFileType = sourcecode.swift; path = ImagesListViewController.swift; sourceTree = "<group>"; };
		5B69F5E32B9F53EE003C8417 /* ImagesListCell.swift */ = {isa = PBXFileReference; fileEncoding = 4; lastKnownFileType = sourcecode.swift; path = ImagesListCell.swift; sourceTree = "<group>"; };
		5B9038362BC6DF4A00271B39 /* WebViewViewController.swift */ = {isa = PBXFileReference; lastKnownFileType = sourcecode.swift; path = WebViewViewController.swift; sourceTree = "<group>"; };
		5B9038392BC9777000271B39 /* OAuth2Service.swift */ = {isa = PBXFileReference; lastKnownFileType = sourcecode.swift; path = OAuth2Service.swift; sourceTree = "<group>"; };
		5B90383B2BC993ED00271B39 /* OAuth2TokenResponseBody.swift */ = {isa = PBXFileReference; lastKnownFileType = sourcecode.swift; path = OAuth2TokenResponseBody.swift; sourceTree = "<group>"; };
		5B90383D2BC994A300271B39 /* OAuth2TokenStorage.swift */ = {isa = PBXFileReference; lastKnownFileType = sourcecode.swift; path = OAuth2TokenStorage.swift; sourceTree = "<group>"; };
		5B90383F2BC9966500271B39 /* URLSession+data.swift */ = {isa = PBXFileReference; lastKnownFileType = sourcecode.swift; path = "URLSession+data.swift"; sourceTree = "<group>"; };
		5B9038422BC9B33A00271B39 /* SplashViewController.swift */ = {isa = PBXFileReference; lastKnownFileType = sourcecode.swift; path = SplashViewController.swift; sourceTree = "<group>"; };
/* End PBXFileReference section */

/* Begin PBXFrameworksBuildPhase section */
		5B69F56F2B94BCA6003C8417 /* Frameworks */ = {
			isa = PBXFrameworksBuildPhase;
			buildActionMask = 2147483647;
			files = (
				5B1B1F3B2BECCC2A003B316A /* ProgressHUD in Frameworks */,
				5B1B1F382BECCBFC003B316A /* Kingfisher in Frameworks */,
				5B1B1F352BECCBF5003B316A /* SwiftKeychainWrapper in Frameworks */,
			);
			runOnlyForDeploymentPostprocessing = 0;
		};
/* End PBXFrameworksBuildPhase section */

/* Begin PBXGroup section */
		5B1B1F3C2BECCC42003B316A /* ProgressHUD */ = {
			isa = PBXGroup;
			children = (
				5B1B1F3D2BECCC61003B316A /* UIBlockingProgressHUD.swift */,
			);
			path = ProgressHUD;
			sourceTree = "<group>";
		};
		5B1B1F3F2BECF239003B316A /* TabBarController */ = {
			isa = PBXGroup;
			children = (
				5B1B1F402BECF256003B316A /* TabBarController.swift */,
			);
			path = TabBarController;
			sourceTree = "<group>";
		};
		5B351B6B2BB890250097177E /* Profile */ = {
			isa = PBXGroup;
			children = (
				5B351B6C2BB890250097177E /* ProfileViewController.swift */,
				5B1B1F2F2BECCB71003B316A /* ProfileService.swift */,
				5B1B1F312BECCBCB003B316A /* ProfileImageService.swift */,
			);
			path = Profile;
			sourceTree = "<group>";
		};
		5B351B902BB9AF950097177E /* SingleImage */ = {
			isa = PBXGroup;
			children = (
				5B351B6E2BB8A9480097177E /* SingleImageViewController.swift */,
			);
			path = SingleImage;
			sourceTree = "<group>";
		};
		5B50F9BF2BC6D78A0015DDE5 /* Auth */ = {
			isa = PBXGroup;
			children = (
				5B50F9C02BC6D7920015DDE5 /* AuthViewController.swift */,
				5B9038362BC6DF4A00271B39 /* WebViewViewController.swift */,
			);
			path = Auth;
			sourceTree = "<group>";
		};
		5B69F5692B94BCA6003C8417 = {
			isa = PBXGroup;
			children = (
				5B69F5742B94BCA6003C8417 /* ImageFeed */,
				5B69F5732B94BCA6003C8417 /* Products */,
			);
			sourceTree = "<group>";
		};
		5B69F5732B94BCA6003C8417 /* Products */ = {
			isa = PBXGroup;
			children = (
				5B69F5722B94BCA6003C8417 /* ImageFeed.app */,
			);
			name = Products;
			sourceTree = "<group>";
		};
		5B69F5742B94BCA6003C8417 /* ImageFeed */ = {
			isa = PBXGroup;
			children = (
				5B1B1F3F2BECF239003B316A /* TabBarController */,
				5B1B1F3C2BECCC42003B316A /* ProgressHUD */,
				5B9038412BC9B32700271B39 /* SplashViewController */,
				5B9038382BC9771200271B39 /* Service */,
				5B50F9BF2BC6D78A0015DDE5 /* Auth */,
				5B69F5752B94BCA6003C8417 /* AppDelegate.swift */,
				5B69F5772B94BCA6003C8417 /* SceneDelegate.swift */,
				5B351B902BB9AF950097177E /* SingleImage */,
				5B351B6B2BB890250097177E /* Profile */,
				5B69F5E12B9F53EE003C8417 /* ImagesList */,
				5B69F57B2B94BCA6003C8417 /* Main.storyboard */,
				5B69F57E2B94BCA7003C8417 /* Assets.xcassets */,
				5B69F5802B94BCA7003C8417 /* LaunchScreen.storyboard */,
				5B69F5832B94BCA7003C8417 /* Info.plist */,
				5B50F9BD2BC6CB0B0015DDE5 /* Constants.swift */,
				5B90383F2BC9966500271B39 /* URLSession+data.swift */,
			);
			path = ImageFeed;
			sourceTree = "<group>";
		};
		5B69F5E12B9F53EE003C8417 /* ImagesList */ = {
			isa = PBXGroup;
			children = (
				5B69F5E22B9F53EE003C8417 /* ImagesListViewController.swift */,
				5B69F5E32B9F53EE003C8417 /* ImagesListCell.swift */,
			);
			path = ImagesList;
			sourceTree = "<group>";
		};
		5B9038382BC9771200271B39 /* Service */ = {
			isa = PBXGroup;
			children = (
				5B9038392BC9777000271B39 /* OAuth2Service.swift */,
				5B90383B2BC993ED00271B39 /* OAuth2TokenResponseBody.swift */,
				5B90383D2BC994A300271B39 /* OAuth2TokenStorage.swift */,
			);
			path = Service;
			sourceTree = "<group>";
		};
		5B9038412BC9B32700271B39 /* SplashViewController */ = {
			isa = PBXGroup;
			children = (
				5B9038422BC9B33A00271B39 /* SplashViewController.swift */,
			);
			path = SplashViewController;
			sourceTree = "<group>";
		};
/* End PBXGroup section */

/* Begin PBXNativeTarget section */
		5B69F5712B94BCA6003C8417 /* ImageFeed */ = {
			isa = PBXNativeTarget;
			buildConfigurationList = 5B69F5862B94BCA7003C8417 /* Build configuration list for PBXNativeTarget "ImageFeed" */;
			buildPhases = (
				5B69F56E2B94BCA6003C8417 /* Sources */,
				5B69F56F2B94BCA6003C8417 /* Frameworks */,
				5B69F5702B94BCA6003C8417 /* Resources */,
			);
			buildRules = (
			);
			dependencies = (
			);
			name = ImageFeed;
			packageProductDependencies = (
				5B1B1F342BECCBF5003B316A /* SwiftKeychainWrapper */,
				5B1B1F372BECCBFC003B316A /* Kingfisher */,
				5B1B1F3A2BECCC2A003B316A /* ProgressHUD */,
			);
			productName = ImageFeed;
			productReference = 5B69F5722B94BCA6003C8417 /* ImageFeed.app */;
			productType = "com.apple.product-type.application";
		};
/* End PBXNativeTarget section */

/* Begin PBXProject section */
		5B69F56A2B94BCA6003C8417 /* Project object */ = {
			isa = PBXProject;
			attributes = {
				BuildIndependentTargetsInParallel = 1;
				LastSwiftUpdateCheck = 1500;
				LastUpgradeCheck = 1500;
				TargetAttributes = {
					5B69F5712B94BCA6003C8417 = {
						CreatedOnToolsVersion = 15.0.1;
					};
				};
			};
			buildConfigurationList = 5B69F56D2B94BCA6003C8417 /* Build configuration list for PBXProject "ImageFeed" */;
			compatibilityVersion = "Xcode 14.0";
			developmentRegion = en;
			hasScannedForEncodings = 0;
			knownRegions = (
				en,
				Base,
			);
			mainGroup = 5B69F5692B94BCA6003C8417;
			packageReferences = (
				5B1B1F332BECCBF5003B316A /* XCRemoteSwiftPackageReference "SwiftKeychainWrapper" */,
				5B1B1F362BECCBFC003B316A /* XCRemoteSwiftPackageReference "Kingfisher" */,
				5B1B1F392BECCC2A003B316A /* XCRemoteSwiftPackageReference "ProgressHUD" */,
			);
			productRefGroup = 5B69F5732B94BCA6003C8417 /* Products */;
			projectDirPath = "";
			projectRoot = "";
			targets = (
				5B69F5712B94BCA6003C8417 /* ImageFeed */,
			);
		};
/* End PBXProject section */

/* Begin PBXResourcesBuildPhase section */
		5B69F5702B94BCA6003C8417 /* Resources */ = {
			isa = PBXResourcesBuildPhase;
			buildActionMask = 2147483647;
			files = (
				5B69F5822B94BCA7003C8417 /* LaunchScreen.storyboard in Resources */,
				5B69F57F2B94BCA7003C8417 /* Assets.xcassets in Resources */,
				5B69F57D2B94BCA6003C8417 /* Main.storyboard in Resources */,
			);
			runOnlyForDeploymentPostprocessing = 0;
		};
/* End PBXResourcesBuildPhase section */

/* Begin PBXSourcesBuildPhase section */
		5B69F56E2B94BCA6003C8417 /* Sources */ = {
			isa = PBXSourcesBuildPhase;
			buildActionMask = 2147483647;
			files = (
				5B90383E2BC994A300271B39 /* OAuth2TokenStorage.swift in Sources */,
				5B9038402BC9966500271B39 /* URLSession+data.swift in Sources */,
				5B69F5762B94BCA6003C8417 /* AppDelegate.swift in Sources */,
				5B1B1F412BECF256003B316A /* TabBarController.swift in Sources */,
				5B69F5E52B9F53EE003C8417 /* ImagesListCell.swift in Sources */,
				5B351B6D2BB890250097177E /* ProfileViewController.swift in Sources */,
				5B9038432BC9B33A00271B39 /* SplashViewController.swift in Sources */,
				5B69F5E42B9F53EE003C8417 /* ImagesListViewController.swift in Sources */,
				5B50F9C12BC6D7920015DDE5 /* AuthViewController.swift in Sources */,
				5B50F9BE2BC6CB0B0015DDE5 /* Constants.swift in Sources */,
				5B1B1F322BECCBCB003B316A /* ProfileImageService.swift in Sources */,
				5B351B6F2BB8A9480097177E /* SingleImageViewController.swift in Sources */,
				5B9038372BC6DF4A00271B39 /* WebViewViewController.swift in Sources */,
				5B90383A2BC9777000271B39 /* OAuth2Service.swift in Sources */,
				5B69F5782B94BCA6003C8417 /* SceneDelegate.swift in Sources */,
				5B90383C2BC993ED00271B39 /* OAuth2TokenResponseBody.swift in Sources */,
				5B1B1F302BECCB71003B316A /* ProfileService.swift in Sources */,
				5B1B1F3E2BECCC61003B316A /* UIBlockingProgressHUD.swift in Sources */,
			);
			runOnlyForDeploymentPostprocessing = 0;
		};
/* End PBXSourcesBuildPhase section */

/* Begin PBXVariantGroup section */
		5B69F57B2B94BCA6003C8417 /* Main.storyboard */ = {
			isa = PBXVariantGroup;
			children = (
				5B69F57C2B94BCA6003C8417 /* Base */,
			);
			name = Main.storyboard;
			sourceTree = "<group>";
		};
		5B69F5802B94BCA7003C8417 /* LaunchScreen.storyboard */ = {
			isa = PBXVariantGroup;
			children = (
				5B69F5812B94BCA7003C8417 /* Base */,
			);
			name = LaunchScreen.storyboard;
			sourceTree = "<group>";
		};
/* End PBXVariantGroup section */

/* Begin XCBuildConfiguration section */
		5B69F5842B94BCA7003C8417 /* Debug */ = {
			isa = XCBuildConfiguration;
			buildSettings = {
				ALWAYS_SEARCH_USER_PATHS = NO;
				ASSETCATALOG_COMPILER_GENERATE_SWIFT_ASSET_SYMBOL_EXTENSIONS = YES;
				CLANG_ANALYZER_NONNULL = YES;
				CLANG_ANALYZER_NUMBER_OBJECT_CONVERSION = YES_AGGRESSIVE;
				CLANG_CXX_LANGUAGE_STANDARD = "gnu++20";
				CLANG_ENABLE_MODULES = YES;
				CLANG_ENABLE_OBJC_ARC = YES;
				CLANG_ENABLE_OBJC_WEAK = YES;
				CLANG_WARN_BLOCK_CAPTURE_AUTORELEASING = YES;
				CLANG_WARN_BOOL_CONVERSION = YES;
				CLANG_WARN_COMMA = YES;
				CLANG_WARN_CONSTANT_CONVERSION = YES;
				CLANG_WARN_DEPRECATED_OBJC_IMPLEMENTATIONS = YES;
				CLANG_WARN_DIRECT_OBJC_ISA_USAGE = YES_ERROR;
				CLANG_WARN_DOCUMENTATION_COMMENTS = YES;
				CLANG_WARN_EMPTY_BODY = YES;
				CLANG_WARN_ENUM_CONVERSION = YES;
				CLANG_WARN_INFINITE_RECURSION = YES;
				CLANG_WARN_INT_CONVERSION = YES;
				CLANG_WARN_NON_LITERAL_NULL_CONVERSION = YES;
				CLANG_WARN_OBJC_IMPLICIT_RETAIN_SELF = YES;
				CLANG_WARN_OBJC_LITERAL_CONVERSION = YES;
				CLANG_WARN_OBJC_ROOT_CLASS = YES_ERROR;
				CLANG_WARN_QUOTED_INCLUDE_IN_FRAMEWORK_HEADER = YES;
				CLANG_WARN_RANGE_LOOP_ANALYSIS = YES;
				CLANG_WARN_STRICT_PROTOTYPES = YES;
				CLANG_WARN_SUSPICIOUS_MOVE = YES;
				CLANG_WARN_UNGUARDED_AVAILABILITY = YES_AGGRESSIVE;
				CLANG_WARN_UNREACHABLE_CODE = YES;
				CLANG_WARN__DUPLICATE_METHOD_MATCH = YES;
				COPY_PHASE_STRIP = NO;
				DEBUG_INFORMATION_FORMAT = dwarf;
				ENABLE_STRICT_OBJC_MSGSEND = YES;
				ENABLE_TESTABILITY = YES;
				ENABLE_USER_SCRIPT_SANDBOXING = YES;
				GCC_C_LANGUAGE_STANDARD = gnu17;
				GCC_DYNAMIC_NO_PIC = NO;
				GCC_NO_COMMON_BLOCKS = YES;
				GCC_OPTIMIZATION_LEVEL = 0;
				GCC_PREPROCESSOR_DEFINITIONS = (
					"DEBUG=1",
					"$(inherited)",
				);
				GCC_WARN_64_TO_32_BIT_CONVERSION = YES;
				GCC_WARN_ABOUT_RETURN_TYPE = YES_ERROR;
				GCC_WARN_UNDECLARED_SELECTOR = YES;
				GCC_WARN_UNINITIALIZED_AUTOS = YES_AGGRESSIVE;
				GCC_WARN_UNUSED_FUNCTION = YES;
				GCC_WARN_UNUSED_VARIABLE = YES;
				IPHONEOS_DEPLOYMENT_TARGET = 17.0;
				LOCALIZATION_PREFERS_STRING_CATALOGS = YES;
				MTL_ENABLE_DEBUG_INFO = INCLUDE_SOURCE;
				MTL_FAST_MATH = YES;
				ONLY_ACTIVE_ARCH = YES;
				SDKROOT = iphoneos;
				SWIFT_ACTIVE_COMPILATION_CONDITIONS = "DEBUG $(inherited)";
				SWIFT_OPTIMIZATION_LEVEL = "-Onone";
			};
			name = Debug;
		};
		5B69F5852B94BCA7003C8417 /* Release */ = {
			isa = XCBuildConfiguration;
			buildSettings = {
				ALWAYS_SEARCH_USER_PATHS = NO;
				ASSETCATALOG_COMPILER_GENERATE_SWIFT_ASSET_SYMBOL_EXTENSIONS = YES;
				CLANG_ANALYZER_NONNULL = YES;
				CLANG_ANALYZER_NUMBER_OBJECT_CONVERSION = YES_AGGRESSIVE;
				CLANG_CXX_LANGUAGE_STANDARD = "gnu++20";
				CLANG_ENABLE_MODULES = YES;
				CLANG_ENABLE_OBJC_ARC = YES;
				CLANG_ENABLE_OBJC_WEAK = YES;
				CLANG_WARN_BLOCK_CAPTURE_AUTORELEASING = YES;
				CLANG_WARN_BOOL_CONVERSION = YES;
				CLANG_WARN_COMMA = YES;
				CLANG_WARN_CONSTANT_CONVERSION = YES;
				CLANG_WARN_DEPRECATED_OBJC_IMPLEMENTATIONS = YES;
				CLANG_WARN_DIRECT_OBJC_ISA_USAGE = YES_ERROR;
				CLANG_WARN_DOCUMENTATION_COMMENTS = YES;
				CLANG_WARN_EMPTY_BODY = YES;
				CLANG_WARN_ENUM_CONVERSION = YES;
				CLANG_WARN_INFINITE_RECURSION = YES;
				CLANG_WARN_INT_CONVERSION = YES;
				CLANG_WARN_NON_LITERAL_NULL_CONVERSION = YES;
				CLANG_WARN_OBJC_IMPLICIT_RETAIN_SELF = YES;
				CLANG_WARN_OBJC_LITERAL_CONVERSION = YES;
				CLANG_WARN_OBJC_ROOT_CLASS = YES_ERROR;
				CLANG_WARN_QUOTED_INCLUDE_IN_FRAMEWORK_HEADER = YES;
				CLANG_WARN_RANGE_LOOP_ANALYSIS = YES;
				CLANG_WARN_STRICT_PROTOTYPES = YES;
				CLANG_WARN_SUSPICIOUS_MOVE = YES;
				CLANG_WARN_UNGUARDED_AVAILABILITY = YES_AGGRESSIVE;
				CLANG_WARN_UNREACHABLE_CODE = YES;
				CLANG_WARN__DUPLICATE_METHOD_MATCH = YES;
				COPY_PHASE_STRIP = NO;
				DEBUG_INFORMATION_FORMAT = "dwarf-with-dsym";
				ENABLE_NS_ASSERTIONS = NO;
				ENABLE_STRICT_OBJC_MSGSEND = YES;
				ENABLE_USER_SCRIPT_SANDBOXING = YES;
				GCC_C_LANGUAGE_STANDARD = gnu17;
				GCC_NO_COMMON_BLOCKS = YES;
				GCC_WARN_64_TO_32_BIT_CONVERSION = YES;
				GCC_WARN_ABOUT_RETURN_TYPE = YES_ERROR;
				GCC_WARN_UNDECLARED_SELECTOR = YES;
				GCC_WARN_UNINITIALIZED_AUTOS = YES_AGGRESSIVE;
				GCC_WARN_UNUSED_FUNCTION = YES;
				GCC_WARN_UNUSED_VARIABLE = YES;
				IPHONEOS_DEPLOYMENT_TARGET = 17.0;
				LOCALIZATION_PREFERS_STRING_CATALOGS = YES;
				MTL_ENABLE_DEBUG_INFO = NO;
				MTL_FAST_MATH = YES;
				SDKROOT = iphoneos;
				SWIFT_COMPILATION_MODE = wholemodule;
				VALIDATE_PRODUCT = YES;
			};
			name = Release;
		};
		5B69F5872B94BCA7003C8417 /* Debug */ = {
			isa = XCBuildConfiguration;
			buildSettings = {
				ASSETCATALOG_COMPILER_APPICON_NAME = AppIcon;
				ASSETCATALOG_COMPILER_GLOBAL_ACCENT_COLOR_NAME = AccentColor;
				CODE_SIGN_STYLE = Automatic;
				CURRENT_PROJECT_VERSION = 1;
				DEVELOPMENT_TEAM = 9ZD4XL4P44;
				GENERATE_INFOPLIST_FILE = YES;
				INFOPLIST_FILE = ImageFeed/Info.plist;
				INFOPLIST_KEY_UIApplicationSupportsIndirectInputEvents = YES;
				INFOPLIST_KEY_UILaunchStoryboardName = LaunchScreen;
				INFOPLIST_KEY_UIMainStoryboardFile = Main;
				INFOPLIST_KEY_UIStatusBarStyle = UIStatusBarStyleLightContent;
				INFOPLIST_KEY_UISupportedInterfaceOrientations = UIInterfaceOrientationPortrait;
				IPHONEOS_DEPLOYMENT_TARGET = 13.0;
				LD_RUNPATH_SEARCH_PATHS = (
					"$(inherited)",
					"@executable_path/Frameworks",
				);
				MARKETING_VERSION = 1.0;
				PRODUCT_BUNDLE_IDENTIFIER = ru.sizzen.practicum.ImageFeed;
				PRODUCT_NAME = "$(TARGET_NAME)";
				SUPPORTED_PLATFORMS = "iphoneos iphonesimulator";
				SUPPORTS_MACCATALYST = NO;
				SUPPORTS_MAC_DESIGNED_FOR_IPHONE_IPAD = NO;
				SWIFT_EMIT_LOC_STRINGS = YES;
				SWIFT_VERSION = 5.0;
				TARGETED_DEVICE_FAMILY = 1;
			};
			name = Debug;
		};
		5B69F5882B94BCA7003C8417 /* Release */ = {
			isa = XCBuildConfiguration;
			buildSettings = {
				ASSETCATALOG_COMPILER_APPICON_NAME = AppIcon;
				ASSETCATALOG_COMPILER_GLOBAL_ACCENT_COLOR_NAME = AccentColor;
				CODE_SIGN_STYLE = Automatic;
				CURRENT_PROJECT_VERSION = 1;
				DEVELOPMENT_TEAM = 9ZD4XL4P44;
				GENERATE_INFOPLIST_FILE = YES;
				INFOPLIST_FILE = ImageFeed/Info.plist;
				INFOPLIST_KEY_UIApplicationSupportsIndirectInputEvents = YES;
				INFOPLIST_KEY_UILaunchStoryboardName = LaunchScreen;
				INFOPLIST_KEY_UIMainStoryboardFile = Main;
				INFOPLIST_KEY_UIStatusBarStyle = UIStatusBarStyleLightContent;
				INFOPLIST_KEY_UISupportedInterfaceOrientations = UIInterfaceOrientationPortrait;
				IPHONEOS_DEPLOYMENT_TARGET = 13.0;
				LD_RUNPATH_SEARCH_PATHS = (
					"$(inherited)",
					"@executable_path/Frameworks",
				);
				MARKETING_VERSION = 1.0;
				PRODUCT_BUNDLE_IDENTIFIER = ru.sizzen.practicum.ImageFeed;
				PRODUCT_NAME = "$(TARGET_NAME)";
				SUPPORTED_PLATFORMS = "iphoneos iphonesimulator";
				SUPPORTS_MACCATALYST = NO;
				SUPPORTS_MAC_DESIGNED_FOR_IPHONE_IPAD = NO;
				SWIFT_EMIT_LOC_STRINGS = YES;
				SWIFT_VERSION = 5.0;
				TARGETED_DEVICE_FAMILY = 1;
			};
			name = Release;
		};
/* End XCBuildConfiguration section */

/* Begin XCConfigurationList section */
		5B69F56D2B94BCA6003C8417 /* Build configuration list for PBXProject "ImageFeed" */ = {
			isa = XCConfigurationList;
			buildConfigurations = (
				5B69F5842B94BCA7003C8417 /* Debug */,
				5B69F5852B94BCA7003C8417 /* Release */,
			);
			defaultConfigurationIsVisible = 0;
			defaultConfigurationName = Release;
		};
		5B69F5862B94BCA7003C8417 /* Build configuration list for PBXNativeTarget "ImageFeed" */ = {
			isa = XCConfigurationList;
			buildConfigurations = (
				5B69F5872B94BCA7003C8417 /* Debug */,
				5B69F5882B94BCA7003C8417 /* Release */,
			);
			defaultConfigurationIsVisible = 0;
			defaultConfigurationName = Release;
		};
/* End XCConfigurationList section */

/* Begin XCRemoteSwiftPackageReference section */
		5B1B1F332BECCBF5003B316A /* XCRemoteSwiftPackageReference "SwiftKeychainWrapper" */ = {
			isa = XCRemoteSwiftPackageReference;
			repositoryURL = "https://github.com/jrendel/SwiftKeychainWrapper.git";
			requirement = {
				kind = upToNextMajorVersion;
				minimumVersion = 4.0.1;
			};
		};
		5B1B1F362BECCBFC003B316A /* XCRemoteSwiftPackageReference "Kingfisher" */ = {
			isa = XCRemoteSwiftPackageReference;
			repositoryURL = "https://github.com/onevcat/Kingfisher.git";
			requirement = {
				kind = upToNextMajorVersion;
				minimumVersion = 7.11.0;
			};
		};
		5B1B1F392BECCC2A003B316A /* XCRemoteSwiftPackageReference "ProgressHUD" */ = {
			isa = XCRemoteSwiftPackageReference;
			repositoryURL = "https://github.com/relatedcode/ProgressHUD";
			requirement = {
				kind = upToNextMajorVersion;
				minimumVersion = 14.1.3;
			};
		};
/* End XCRemoteSwiftPackageReference section */

/* Begin XCSwiftPackageProductDependency section */
		5B1B1F342BECCBF5003B316A /* SwiftKeychainWrapper */ = {
			isa = XCSwiftPackageProductDependency;
			package = 5B1B1F332BECCBF5003B316A /* XCRemoteSwiftPackageReference "SwiftKeychainWrapper" */;
			productName = SwiftKeychainWrapper;
		};
		5B1B1F372BECCBFC003B316A /* Kingfisher */ = {
			isa = XCSwiftPackageProductDependency;
			package = 5B1B1F362BECCBFC003B316A /* XCRemoteSwiftPackageReference "Kingfisher" */;
			productName = Kingfisher;
		};
		5B1B1F3A2BECCC2A003B316A /* ProgressHUD */ = {
			isa = XCSwiftPackageProductDependency;
			package = 5B1B1F392BECCC2A003B316A /* XCRemoteSwiftPackageReference "ProgressHUD" */;
			productName = ProgressHUD;
		};
/* End XCSwiftPackageProductDependency section */
	};
	rootObject = 5B69F56A2B94BCA6003C8417 /* Project object */;
}
